// !$*UTF8*$!
{
	archiveVersion = 1;
	classes = {
	};
	objectVersion = 51;
	objects = {

/* Begin PBXBuildFile section */
		411468E024E59C0000C15B98 /* AppDelegate.swift in Sources */ = {isa = PBXBuildFile; fileRef = 411468DF24E59C0000C15B98 /* AppDelegate.swift */; };
		411468E224E59C0000C15B98 /* SceneDelegate.swift in Sources */ = {isa = PBXBuildFile; fileRef = 411468E124E59C0000C15B98 /* SceneDelegate.swift */; };
		411468E424E59C0000C15B98 /* ViewController.swift in Sources */ = {isa = PBXBuildFile; fileRef = 411468E324E59C0000C15B98 /* ViewController.swift */; };
		411468E724E59C0000C15B98 /* Main.storyboard in Resources */ = {isa = PBXBuildFile; fileRef = 411468E524E59C0000C15B98 /* Main.storyboard */; };
		411468E924E59C0100C15B98 /* Assets.xcassets in Resources */ = {isa = PBXBuildFile; fileRef = 411468E824E59C0100C15B98 /* Assets.xcassets */; };
		411468EC24E59C0100C15B98 /* LaunchScreen.storyboard in Resources */ = {isa = PBXBuildFile; fileRef = 411468EA24E59C0100C15B98 /* LaunchScreen.storyboard */; };
		411468F724E59C0100C15B98 /* Aleksei_Varaksin_Online_ShopTests.swift in Sources */ = {isa = PBXBuildFile; fileRef = 411468F624E59C0100C15B98 /* Aleksei_Varaksin_Online_ShopTests.swift */; };
		4114690224E59C0100C15B98 /* Aleksei_Varaksin_Online_ShopUITests.swift in Sources */ = {isa = PBXBuildFile; fileRef = 4114690124E59C0100C15B98 /* Aleksei_Varaksin_Online_ShopUITests.swift */; };
		4114691C24E5B1FC00C15B98 /* ErrorParser.swift in Sources */ = {isa = PBXBuildFile; fileRef = 4114691B24E5B1FC00C15B98 /* ErrorParser.swift */; };
		4114691E24E5B25800C15B98 /* RequestRouter.swift in Sources */ = {isa = PBXBuildFile; fileRef = 4114691D24E5B25800C15B98 /* RequestRouter.swift */; };
		4114692024E5B2A400C15B98 /* NetworkService.swift in Sources */ = {isa = PBXBuildFile; fileRef = 4114691F24E5B2A400C15B98 /* NetworkService.swift */; };
		4114692224E5B33C00C15B98 /* NetworkServiceFactory.swift in Sources */ = {isa = PBXBuildFile; fileRef = 4114692124E5B33C00C15B98 /* NetworkServiceFactory.swift */; };
		416ACD0924E7F2750023A73D /* Register.swift in Sources */ = {isa = PBXBuildFile; fileRef = 416ACD0824E7F2750023A73D /* Register.swift */; };
		416ACD0C24E7F2FC0023A73D /* Login.swift in Sources */ = {isa = PBXBuildFile; fileRef = 416ACD0B24E7F2FC0023A73D /* Login.swift */; };
		416ACD0F24E7F3600023A73D /* Logout.swift in Sources */ = {isa = PBXBuildFile; fileRef = 416ACD0E24E7F3600023A73D /* Logout.swift */; };
		416ACD1224E7F3A80023A73D /* ChangeUserProfile.swift in Sources */ = {isa = PBXBuildFile; fileRef = 416ACD1124E7F3A80023A73D /* ChangeUserProfile.swift */; };
		416ACD1524E7F48E0023A73D /* AddReview.swift in Sources */ = {isa = PBXBuildFile; fileRef = 416ACD1424E7F48E0023A73D /* AddReview.swift */; };
		416ACD1824E7F5120023A73D /* ApproveReview.swift in Sources */ = {isa = PBXBuildFile; fileRef = 416ACD1724E7F5120023A73D /* ApproveReview.swift */; };
		416ACD1B24E7F5820023A73D /* RemoveReview.swift in Sources */ = {isa = PBXBuildFile; fileRef = 416ACD1A24E7F5820023A73D /* RemoveReview.swift */; };
		416ACD2124E7F96C0023A73D /* RegisterResponse.swift in Sources */ = {isa = PBXBuildFile; fileRef = 416ACD2024E7F96C0023A73D /* RegisterResponse.swift */; };
		416ACD2324E7F97A0023A73D /* LogoutResponse.swift in Sources */ = {isa = PBXBuildFile; fileRef = 416ACD2224E7F97A0023A73D /* LogoutResponse.swift */; };
		416ACD2524E7F9870023A73D /* LoginResponse.swift in Sources */ = {isa = PBXBuildFile; fileRef = 416ACD2424E7F9870023A73D /* LoginResponse.swift */; };
		416ACD2724E7F9930023A73D /* ChangeUserProfileResponse.swift in Sources */ = {isa = PBXBuildFile; fileRef = 416ACD2624E7F9930023A73D /* ChangeUserProfileResponse.swift */; };
		416ACD2924E7F9F20023A73D /* AddReviewResponse.swift in Sources */ = {isa = PBXBuildFile; fileRef = 416ACD2824E7F9F20023A73D /* AddReviewResponse.swift */; };
		416ACD2B24E7F9FD0023A73D /* ApproveReviewResponse.swift in Sources */ = {isa = PBXBuildFile; fileRef = 416ACD2A24E7F9FD0023A73D /* ApproveReviewResponse.swift */; };
		416ACD2D24E7FA080023A73D /* RemoveReviewResponse.swift in Sources */ = {isa = PBXBuildFile; fileRef = 416ACD2C24E7FA080023A73D /* RemoveReviewResponse.swift */; };
		416ACD3024E7FC2B0023A73D /* User.swift in Sources */ = {isa = PBXBuildFile; fileRef = 416ACD2F24E7FC2B0023A73D /* User.swift */; };
		416ACD3224E7FC590023A73D /* UserProfileData.swift in Sources */ = {isa = PBXBuildFile; fileRef = 416ACD3124E7FC590023A73D /* UserProfileData.swift */; };
		4811E64D028A198D69B83E92 /* Pods_Aleksei_Varaksin_Online_ShopTests.framework in Frameworks */ = {isa = PBXBuildFile; fileRef = 68A5F2457DA73F7E89226C14 /* Pods_Aleksei_Varaksin_Online_ShopTests.framework */; };
		5C9DA34C338A3C7BC299F4B7 /* Pods_Aleksei_Varaksin_Online_Shop.framework in Frameworks */ = {isa = PBXBuildFile; fileRef = ADF60F3920261880E007A94C /* Pods_Aleksei_Varaksin_Online_Shop.framework */; };
		E9DEBA5F561B893A3EC2609C /* Pods_Aleksei_Varaksin_Online_Shop_Aleksei_Varaksin_Online_ShopUITests.framework in Frameworks */ = {isa = PBXBuildFile; fileRef = 309191E3E1D823C776399D1B /* Pods_Aleksei_Varaksin_Online_Shop_Aleksei_Varaksin_Online_ShopUITests.framework */; };
/* End PBXBuildFile section */

/* Begin PBXContainerItemProxy section */
		411468F324E59C0100C15B98 /* PBXContainerItemProxy */ = {
			isa = PBXContainerItemProxy;
			containerPortal = 411468D424E59C0000C15B98 /* Project object */;
			proxyType = 1;
			remoteGlobalIDString = 411468DB24E59C0000C15B98;
			remoteInfo = Aleksei_Varaksin_Online_Shop;
		};
		411468FE24E59C0100C15B98 /* PBXContainerItemProxy */ = {
			isa = PBXContainerItemProxy;
			containerPortal = 411468D424E59C0000C15B98 /* Project object */;
			proxyType = 1;
			remoteGlobalIDString = 411468DB24E59C0000C15B98;
			remoteInfo = Aleksei_Varaksin_Online_Shop;
		};
/* End PBXContainerItemProxy section */

/* Begin PBXFileReference section */
		309191E3E1D823C776399D1B /* Pods_Aleksei_Varaksin_Online_Shop_Aleksei_Varaksin_Online_ShopUITests.framework */ = {isa = PBXFileReference; explicitFileType = wrapper.framework; includeInIndex = 0; path = Pods_Aleksei_Varaksin_Online_Shop_Aleksei_Varaksin_Online_ShopUITests.framework; sourceTree = BUILT_PRODUCTS_DIR; };
		411468DC24E59C0000C15B98 /* Aleksei_Varaksin_Online_Shop.app */ = {isa = PBXFileReference; explicitFileType = wrapper.application; includeInIndex = 0; path = Aleksei_Varaksin_Online_Shop.app; sourceTree = BUILT_PRODUCTS_DIR; };
		411468DF24E59C0000C15B98 /* AppDelegate.swift */ = {isa = PBXFileReference; lastKnownFileType = sourcecode.swift; path = AppDelegate.swift; sourceTree = "<group>"; };
		411468E124E59C0000C15B98 /* SceneDelegate.swift */ = {isa = PBXFileReference; lastKnownFileType = sourcecode.swift; path = SceneDelegate.swift; sourceTree = "<group>"; };
		411468E324E59C0000C15B98 /* ViewController.swift */ = {isa = PBXFileReference; lastKnownFileType = sourcecode.swift; path = ViewController.swift; sourceTree = "<group>"; };
		411468E624E59C0000C15B98 /* Base */ = {isa = PBXFileReference; lastKnownFileType = file.storyboard; name = Base; path = Base.lproj/Main.storyboard; sourceTree = "<group>"; };
		411468E824E59C0100C15B98 /* Assets.xcassets */ = {isa = PBXFileReference; lastKnownFileType = folder.assetcatalog; path = Assets.xcassets; sourceTree = "<group>"; };
		411468EB24E59C0100C15B98 /* Base */ = {isa = PBXFileReference; lastKnownFileType = file.storyboard; name = Base; path = Base.lproj/LaunchScreen.storyboard; sourceTree = "<group>"; };
		411468ED24E59C0100C15B98 /* Info.plist */ = {isa = PBXFileReference; lastKnownFileType = text.plist.xml; path = Info.plist; sourceTree = "<group>"; };
		411468F224E59C0100C15B98 /* Aleksei_Varaksin_Online_ShopTests.xctest */ = {isa = PBXFileReference; explicitFileType = wrapper.cfbundle; includeInIndex = 0; path = Aleksei_Varaksin_Online_ShopTests.xctest; sourceTree = BUILT_PRODUCTS_DIR; };
		411468F624E59C0100C15B98 /* Aleksei_Varaksin_Online_ShopTests.swift */ = {isa = PBXFileReference; lastKnownFileType = sourcecode.swift; path = Aleksei_Varaksin_Online_ShopTests.swift; sourceTree = "<group>"; };
		411468F824E59C0100C15B98 /* Info.plist */ = {isa = PBXFileReference; lastKnownFileType = text.plist.xml; path = Info.plist; sourceTree = "<group>"; };
		411468FD24E59C0100C15B98 /* Aleksei_Varaksin_Online_ShopUITests.xctest */ = {isa = PBXFileReference; explicitFileType = wrapper.cfbundle; includeInIndex = 0; path = Aleksei_Varaksin_Online_ShopUITests.xctest; sourceTree = BUILT_PRODUCTS_DIR; };
		4114690124E59C0100C15B98 /* Aleksei_Varaksin_Online_ShopUITests.swift */ = {isa = PBXFileReference; lastKnownFileType = sourcecode.swift; path = Aleksei_Varaksin_Online_ShopUITests.swift; sourceTree = "<group>"; };
		4114690324E59C0100C15B98 /* Info.plist */ = {isa = PBXFileReference; lastKnownFileType = text.plist.xml; path = Info.plist; sourceTree = "<group>"; };
		4114691B24E5B1FC00C15B98 /* ErrorParser.swift */ = {isa = PBXFileReference; lastKnownFileType = sourcecode.swift; path = ErrorParser.swift; sourceTree = "<group>"; };
		4114691D24E5B25800C15B98 /* RequestRouter.swift */ = {isa = PBXFileReference; lastKnownFileType = sourcecode.swift; path = RequestRouter.swift; sourceTree = "<group>"; };
		4114691F24E5B2A400C15B98 /* NetworkService.swift */ = {isa = PBXFileReference; lastKnownFileType = sourcecode.swift; path = NetworkService.swift; sourceTree = "<group>"; };
		4114692124E5B33C00C15B98 /* NetworkServiceFactory.swift */ = {isa = PBXFileReference; lastKnownFileType = sourcecode.swift; path = NetworkServiceFactory.swift; sourceTree = "<group>"; };
		416ACD0824E7F2750023A73D /* Register.swift */ = {isa = PBXFileReference; lastKnownFileType = sourcecode.swift; path = Register.swift; sourceTree = "<group>"; };
		416ACD0B24E7F2FC0023A73D /* Login.swift */ = {isa = PBXFileReference; lastKnownFileType = sourcecode.swift; path = Login.swift; sourceTree = "<group>"; };
		416ACD0E24E7F3600023A73D /* Logout.swift */ = {isa = PBXFileReference; lastKnownFileType = sourcecode.swift; path = Logout.swift; sourceTree = "<group>"; };
		416ACD1124E7F3A80023A73D /* ChangeUserProfile.swift */ = {isa = PBXFileReference; lastKnownFileType = sourcecode.swift; path = ChangeUserProfile.swift; sourceTree = "<group>"; };
		416ACD1424E7F48E0023A73D /* AddReview.swift */ = {isa = PBXFileReference; lastKnownFileType = sourcecode.swift; path = AddReview.swift; sourceTree = "<group>"; };
		416ACD1724E7F5120023A73D /* ApproveReview.swift */ = {isa = PBXFileReference; lastKnownFileType = sourcecode.swift; path = ApproveReview.swift; sourceTree = "<group>"; };
		416ACD1A24E7F5820023A73D /* RemoveReview.swift */ = {isa = PBXFileReference; lastKnownFileType = sourcecode.swift; path = RemoveReview.swift; sourceTree = "<group>"; };
		416ACD2024E7F96C0023A73D /* RegisterResponse.swift */ = {isa = PBXFileReference; lastKnownFileType = sourcecode.swift; path = RegisterResponse.swift; sourceTree = "<group>"; };
		416ACD2224E7F97A0023A73D /* LogoutResponse.swift */ = {isa = PBXFileReference; lastKnownFileType = sourcecode.swift; path = LogoutResponse.swift; sourceTree = "<group>"; };
		416ACD2424E7F9870023A73D /* LoginResponse.swift */ = {isa = PBXFileReference; lastKnownFileType = sourcecode.swift; path = LoginResponse.swift; sourceTree = "<group>"; };
		416ACD2624E7F9930023A73D /* ChangeUserProfileResponse.swift */ = {isa = PBXFileReference; lastKnownFileType = sourcecode.swift; path = ChangeUserProfileResponse.swift; sourceTree = "<group>"; };
		416ACD2824E7F9F20023A73D /* AddReviewResponse.swift */ = {isa = PBXFileReference; lastKnownFileType = sourcecode.swift; path = AddReviewResponse.swift; sourceTree = "<group>"; };
		416ACD2A24E7F9FD0023A73D /* ApproveReviewResponse.swift */ = {isa = PBXFileReference; lastKnownFileType = sourcecode.swift; path = ApproveReviewResponse.swift; sourceTree = "<group>"; };
		416ACD2C24E7FA080023A73D /* RemoveReviewResponse.swift */ = {isa = PBXFileReference; lastKnownFileType = sourcecode.swift; path = RemoveReviewResponse.swift; sourceTree = "<group>"; };
		416ACD2F24E7FC2B0023A73D /* User.swift */ = {isa = PBXFileReference; lastKnownFileType = sourcecode.swift; path = User.swift; sourceTree = "<group>"; };
		416ACD3124E7FC590023A73D /* UserProfileData.swift */ = {isa = PBXFileReference; lastKnownFileType = sourcecode.swift; path = UserProfileData.swift; sourceTree = "<group>"; };
		4B9C968BBF7D0EB07A1B0A71 /* Pods-Aleksei_Varaksin_Online_Shop.release.xcconfig */ = {isa = PBXFileReference; includeInIndex = 1; lastKnownFileType = text.xcconfig; name = "Pods-Aleksei_Varaksin_Online_Shop.release.xcconfig"; path = "Target Support Files/Pods-Aleksei_Varaksin_Online_Shop/Pods-Aleksei_Varaksin_Online_Shop.release.xcconfig"; sourceTree = "<group>"; };
		68A5F2457DA73F7E89226C14 /* Pods_Aleksei_Varaksin_Online_ShopTests.framework */ = {isa = PBXFileReference; explicitFileType = wrapper.framework; includeInIndex = 0; path = Pods_Aleksei_Varaksin_Online_ShopTests.framework; sourceTree = BUILT_PRODUCTS_DIR; };
		6FEC232F82B8C37F252DB41A /* Pods-Aleksei_Varaksin_Online_Shop.debug.xcconfig */ = {isa = PBXFileReference; includeInIndex = 1; lastKnownFileType = text.xcconfig; name = "Pods-Aleksei_Varaksin_Online_Shop.debug.xcconfig"; path = "Target Support Files/Pods-Aleksei_Varaksin_Online_Shop/Pods-Aleksei_Varaksin_Online_Shop.debug.xcconfig"; sourceTree = "<group>"; };
		7FD9C4EB755629BC2BF6DC6A /* Pods-Aleksei_Varaksin_Online_ShopTests.release.xcconfig */ = {isa = PBXFileReference; includeInIndex = 1; lastKnownFileType = text.xcconfig; name = "Pods-Aleksei_Varaksin_Online_ShopTests.release.xcconfig"; path = "Target Support Files/Pods-Aleksei_Varaksin_Online_ShopTests/Pods-Aleksei_Varaksin_Online_ShopTests.release.xcconfig"; sourceTree = "<group>"; };
		A6E3F256819215D8B0C39CE1 /* Pods-Aleksei_Varaksin_Online_Shop-Aleksei_Varaksin_Online_ShopUITests.release.xcconfig */ = {isa = PBXFileReference; includeInIndex = 1; lastKnownFileType = text.xcconfig; name = "Pods-Aleksei_Varaksin_Online_Shop-Aleksei_Varaksin_Online_ShopUITests.release.xcconfig"; path = "Target Support Files/Pods-Aleksei_Varaksin_Online_Shop-Aleksei_Varaksin_Online_ShopUITests/Pods-Aleksei_Varaksin_Online_Shop-Aleksei_Varaksin_Online_ShopUITests.release.xcconfig"; sourceTree = "<group>"; };
		ADF60F3920261880E007A94C /* Pods_Aleksei_Varaksin_Online_Shop.framework */ = {isa = PBXFileReference; explicitFileType = wrapper.framework; includeInIndex = 0; path = Pods_Aleksei_Varaksin_Online_Shop.framework; sourceTree = BUILT_PRODUCTS_DIR; };
		D111DEC79F9A22A7BC41D83C /* Pods-Aleksei_Varaksin_Online_ShopTests.debug.xcconfig */ = {isa = PBXFileReference; includeInIndex = 1; lastKnownFileType = text.xcconfig; name = "Pods-Aleksei_Varaksin_Online_ShopTests.debug.xcconfig"; path = "Target Support Files/Pods-Aleksei_Varaksin_Online_ShopTests/Pods-Aleksei_Varaksin_Online_ShopTests.debug.xcconfig"; sourceTree = "<group>"; };
		EB0827E0182B0F38FC185565 /* Pods-Aleksei_Varaksin_Online_Shop-Aleksei_Varaksin_Online_ShopUITests.debug.xcconfig */ = {isa = PBXFileReference; includeInIndex = 1; lastKnownFileType = text.xcconfig; name = "Pods-Aleksei_Varaksin_Online_Shop-Aleksei_Varaksin_Online_ShopUITests.debug.xcconfig"; path = "Target Support Files/Pods-Aleksei_Varaksin_Online_Shop-Aleksei_Varaksin_Online_ShopUITests/Pods-Aleksei_Varaksin_Online_Shop-Aleksei_Varaksin_Online_ShopUITests.debug.xcconfig"; sourceTree = "<group>"; };
/* End PBXFileReference section */

/* Begin PBXFrameworksBuildPhase section */
		411468D924E59C0000C15B98 /* Frameworks */ = {
			isa = PBXFrameworksBuildPhase;
			buildActionMask = 2147483647;
			files = (
				5C9DA34C338A3C7BC299F4B7 /* Pods_Aleksei_Varaksin_Online_Shop.framework in Frameworks */,
			);
			runOnlyForDeploymentPostprocessing = 0;
		};
		411468EF24E59C0100C15B98 /* Frameworks */ = {
			isa = PBXFrameworksBuildPhase;
			buildActionMask = 2147483647;
			files = (
				4811E64D028A198D69B83E92 /* Pods_Aleksei_Varaksin_Online_ShopTests.framework in Frameworks */,
			);
			runOnlyForDeploymentPostprocessing = 0;
		};
		411468FA24E59C0100C15B98 /* Frameworks */ = {
			isa = PBXFrameworksBuildPhase;
			buildActionMask = 2147483647;
			files = (
				E9DEBA5F561B893A3EC2609C /* Pods_Aleksei_Varaksin_Online_Shop_Aleksei_Varaksin_Online_ShopUITests.framework in Frameworks */,
			);
			runOnlyForDeploymentPostprocessing = 0;
		};
/* End PBXFrameworksBuildPhase section */

/* Begin PBXGroup section */
		1F3E0FBA556C240E2BA2EA9E /* Pods */ = {
			isa = PBXGroup;
			children = (
				6FEC232F82B8C37F252DB41A /* Pods-Aleksei_Varaksin_Online_Shop.debug.xcconfig */,
				4B9C968BBF7D0EB07A1B0A71 /* Pods-Aleksei_Varaksin_Online_Shop.release.xcconfig */,
				EB0827E0182B0F38FC185565 /* Pods-Aleksei_Varaksin_Online_Shop-Aleksei_Varaksin_Online_ShopUITests.debug.xcconfig */,
				A6E3F256819215D8B0C39CE1 /* Pods-Aleksei_Varaksin_Online_Shop-Aleksei_Varaksin_Online_ShopUITests.release.xcconfig */,
				D111DEC79F9A22A7BC41D83C /* Pods-Aleksei_Varaksin_Online_ShopTests.debug.xcconfig */,
				7FD9C4EB755629BC2BF6DC6A /* Pods-Aleksei_Varaksin_Online_ShopTests.release.xcconfig */,
			);
			path = Pods;
			sourceTree = "<group>";
		};
		411468D324E59C0000C15B98 = {
			isa = PBXGroup;
			children = (
				411468DE24E59C0000C15B98 /* Aleksei_Varaksin_Online_Shop */,
				411468F524E59C0100C15B98 /* Aleksei_Varaksin_Online_ShopTests */,
				4114690024E59C0100C15B98 /* Aleksei_Varaksin_Online_ShopUITests */,
				411468DD24E59C0000C15B98 /* Products */,
				1F3E0FBA556C240E2BA2EA9E /* Pods */,
				F99283CC435DF1E76AE22407 /* Frameworks */,
			);
			sourceTree = "<group>";
		};
		411468DD24E59C0000C15B98 /* Products */ = {
			isa = PBXGroup;
			children = (
				411468DC24E59C0000C15B98 /* Aleksei_Varaksin_Online_Shop.app */,
				411468F224E59C0100C15B98 /* Aleksei_Varaksin_Online_ShopTests.xctest */,
				411468FD24E59C0100C15B98 /* Aleksei_Varaksin_Online_ShopUITests.xctest */,
			);
			name = Products;
			sourceTree = "<group>";
		};
		411468DE24E59C0000C15B98 /* Aleksei_Varaksin_Online_Shop */ = {
			isa = PBXGroup;
			children = (
				4114691024E5ADB600C15B98 /* App */,
				4114691124E5ADC600C15B98 /* Core */,
				4114691224E5ADD000C15B98 /* Resources */,
				4114691324E5ADD900C15B98 /* Environments */,
				411468E324E59C0000C15B98 /* ViewController.swift */,
			);
			path = Aleksei_Varaksin_Online_Shop;
			sourceTree = "<group>";
		};
		411468F524E59C0100C15B98 /* Aleksei_Varaksin_Online_ShopTests */ = {
			isa = PBXGroup;
			children = (
				411468F624E59C0100C15B98 /* Aleksei_Varaksin_Online_ShopTests.swift */,
				411468F824E59C0100C15B98 /* Info.plist */,
			);
			path = Aleksei_Varaksin_Online_ShopTests;
			sourceTree = "<group>";
		};
		4114690024E59C0100C15B98 /* Aleksei_Varaksin_Online_ShopUITests */ = {
			isa = PBXGroup;
			children = (
				4114690124E59C0100C15B98 /* Aleksei_Varaksin_Online_ShopUITests.swift */,
				4114690324E59C0100C15B98 /* Info.plist */,
			);
			path = Aleksei_Varaksin_Online_ShopUITests;
			sourceTree = "<group>";
		};
		4114691024E5ADB600C15B98 /* App */ = {
			isa = PBXGroup;
			children = (
				411468DF24E59C0000C15B98 /* AppDelegate.swift */,
				411468E124E59C0000C15B98 /* SceneDelegate.swift */,
				4114691824E5AE9B00C15B98 /* Flows */,
				4114691724E5AE9000C15B98 /* Entity */,
				4114691624E5AE8400C15B98 /* BusinessLogic */,
				4114691524E5AE7500C15B98 /* Assembly */,
			);
			path = App;
			sourceTree = "<group>";
		};
		4114691124E5ADC600C15B98 /* Core */ = {
			isa = PBXGroup;
			children = (
				4114691424E5AE5C00C15B98 /* Network */,
			);
			path = Core;
			sourceTree = "<group>";
		};
		4114691224E5ADD000C15B98 /* Resources */ = {
			isa = PBXGroup;
			children = (
				411468EA24E59C0100C15B98 /* LaunchScreen.storyboard */,
				411468E824E59C0100C15B98 /* Assets.xcassets */,
			);
			path = Resources;
			sourceTree = "<group>";
		};
		4114691324E5ADD900C15B98 /* Environments */ = {
			isa = PBXGroup;
			children = (
				411468ED24E59C0100C15B98 /* Info.plist */,
			);
			path = Environments;
			sourceTree = "<group>";
		};
		4114691424E5AE5C00C15B98 /* Network */ = {
			isa = PBXGroup;
			children = (
				4114691B24E5B1FC00C15B98 /* ErrorParser.swift */,
				4114691F24E5B2A400C15B98 /* NetworkService.swift */,
				4114691D24E5B25800C15B98 /* RequestRouter.swift */,
			);
			path = Network;
			sourceTree = "<group>";
		};
		4114691524E5AE7500C15B98 /* Assembly */ = {
			isa = PBXGroup;
			children = (
				4114692124E5B33C00C15B98 /* NetworkServiceFactory.swift */,
			);
			path = Assembly;
			sourceTree = "<group>";
		};
		4114691624E5AE8400C15B98 /* BusinessLogic */ = {
			isa = PBXGroup;
			children = (
				4114691A24E5AECF00C15B98 /* Network */,
			);
			path = BusinessLogic;
			sourceTree = "<group>";
		};
		4114691724E5AE9000C15B98 /* Entity */ = {
			isa = PBXGroup;
			children = (
				416ACD2E24E7FBCE0023A73D /* Structure */,
				4114691924E5AEB900C15B98 /* Response */,
			);
			path = Entity;
			sourceTree = "<group>";
		};
		4114691824E5AE9B00C15B98 /* Flows */ = {
			isa = PBXGroup;
			children = (
				411468E524E59C0000C15B98 /* Main.storyboard */,
			);
			path = Flows;
			sourceTree = "<group>";
		};
		4114691924E5AEB900C15B98 /* Response */ = {
			isa = PBXGroup;
			children = (
				416ACD1F24E7F9430023A73D /* Review */,
				416ACD1E24E7F9370023A73D /* User */,
			);
			path = Response;
			sourceTree = "<group>";
		};
		4114691A24E5AECF00C15B98 /* Network */ = {
			isa = PBXGroup;
			children = (
				416ACD1D24E7F6610023A73D /* Review */,
				416ACD1C24E7F64C0023A73D /* User */,
			);
			path = Network;
			sourceTree = "<group>";
		};
		416ACD0724E7F2630023A73D /* Register */ = {
			isa = PBXGroup;
			children = (
				416ACD0824E7F2750023A73D /* Register.swift */,
			);
			path = Register;
			sourceTree = "<group>";
		};
		416ACD0A24E7F2F20023A73D /* Login */ = {
			isa = PBXGroup;
			children = (
				416ACD0B24E7F2FC0023A73D /* Login.swift */,
			);
			path = Login;
			sourceTree = "<group>";
		};
		416ACD0D24E7F34F0023A73D /* Logout */ = {
			isa = PBXGroup;
			children = (
				416ACD0E24E7F3600023A73D /* Logout.swift */,
			);
			path = Logout;
			sourceTree = "<group>";
		};
		416ACD1024E7F3A10023A73D /* ChangeUserProfile */ = {
			isa = PBXGroup;
			children = (
				416ACD1124E7F3A80023A73D /* ChangeUserProfile.swift */,
			);
			path = ChangeUserProfile;
			sourceTree = "<group>";
		};
		416ACD1324E7F4860023A73D /* AddReview */ = {
			isa = PBXGroup;
			children = (
				416ACD1424E7F48E0023A73D /* AddReview.swift */,
			);
			path = AddReview;
			sourceTree = "<group>";
		};
		416ACD1624E7F50A0023A73D /* ApproveReview */ = {
			isa = PBXGroup;
			children = (
				416ACD1724E7F5120023A73D /* ApproveReview.swift */,
			);
			path = ApproveReview;
			sourceTree = "<group>";
		};
		416ACD1924E7F57B0023A73D /* RemoveReview */ = {
			isa = PBXGroup;
			children = (
				416ACD1A24E7F5820023A73D /* RemoveReview.swift */,
			);
			path = RemoveReview;
			sourceTree = "<group>";
		};
		416ACD1C24E7F64C0023A73D /* User */ = {
			isa = PBXGroup;
			children = (
				416ACD1024E7F3A10023A73D /* ChangeUserProfile */,
				416ACD0D24E7F34F0023A73D /* Logout */,
				416ACD0A24E7F2F20023A73D /* Login */,
				416ACD0724E7F2630023A73D /* Register */,
			);
			path = User;
			sourceTree = "<group>";
		};
		416ACD1D24E7F6610023A73D /* Review */ = {
			isa = PBXGroup;
			children = (
				416ACD1924E7F57B0023A73D /* RemoveReview */,
				416ACD1624E7F50A0023A73D /* ApproveReview */,
				416ACD1324E7F4860023A73D /* AddReview */,
			);
			path = Review;
			sourceTree = "<group>";
		};
		416ACD1E24E7F9370023A73D /* User */ = {
			isa = PBXGroup;
			children = (
				416ACD2024E7F96C0023A73D /* RegisterResponse.swift */,
				416ACD2224E7F97A0023A73D /* LogoutResponse.swift */,
				416ACD2424E7F9870023A73D /* LoginResponse.swift */,
				416ACD2624E7F9930023A73D /* ChangeUserProfileResponse.swift */,
			);
			path = User;
			sourceTree = "<group>";
		};
		416ACD1F24E7F9430023A73D /* Review */ = {
			isa = PBXGroup;
			children = (
				416ACD2824E7F9F20023A73D /* AddReviewResponse.swift */,
				416ACD2A24E7F9FD0023A73D /* ApproveReviewResponse.swift */,
				416ACD2C24E7FA080023A73D /* RemoveReviewResponse.swift */,
			);
			path = Review;
			sourceTree = "<group>";
		};
		416ACD2E24E7FBCE0023A73D /* Structure */ = {
			isa = PBXGroup;
			children = (
				416ACD2F24E7FC2B0023A73D /* User.swift */,
				416ACD3124E7FC590023A73D /* UserProfileData.swift */,
			);
			path = Structure;
			sourceTree = "<group>";
		};
		F99283CC435DF1E76AE22407 /* Frameworks */ = {
			isa = PBXGroup;
			children = (
				ADF60F3920261880E007A94C /* Pods_Aleksei_Varaksin_Online_Shop.framework */,
				309191E3E1D823C776399D1B /* Pods_Aleksei_Varaksin_Online_Shop_Aleksei_Varaksin_Online_ShopUITests.framework */,
				68A5F2457DA73F7E89226C14 /* Pods_Aleksei_Varaksin_Online_ShopTests.framework */,
			);
			name = Frameworks;
			sourceTree = "<group>";
		};
/* End PBXGroup section */

/* Begin PBXNativeTarget section */
		411468DB24E59C0000C15B98 /* Aleksei_Varaksin_Online_Shop */ = {
			isa = PBXNativeTarget;
			buildConfigurationList = 4114690624E59C0100C15B98 /* Build configuration list for PBXNativeTarget "Aleksei_Varaksin_Online_Shop" */;
			buildPhases = (
				9503C4C4B68840123C9DFD71 /* [CP] Check Pods Manifest.lock */,
				411468D824E59C0000C15B98 /* Sources */,
				411468D924E59C0000C15B98 /* Frameworks */,
				411468DA24E59C0000C15B98 /* Resources */,
				44F3BED6AD9C0AB504B73220 /* [CP] Embed Pods Frameworks */,
				4114690F24E59D4300C15B98 /* ShellScript */,
			);
			buildRules = (
			);
			dependencies = (
			);
			name = Aleksei_Varaksin_Online_Shop;
			productName = Aleksei_Varaksin_Online_Shop;
			productReference = 411468DC24E59C0000C15B98 /* Aleksei_Varaksin_Online_Shop.app */;
			productType = "com.apple.product-type.application";
		};
		411468F124E59C0100C15B98 /* Aleksei_Varaksin_Online_ShopTests */ = {
			isa = PBXNativeTarget;
			buildConfigurationList = 4114690924E59C0100C15B98 /* Build configuration list for PBXNativeTarget "Aleksei_Varaksin_Online_ShopTests" */;
			buildPhases = (
				85E879F87B78A64816A3C436 /* [CP] Check Pods Manifest.lock */,
				411468EE24E59C0100C15B98 /* Sources */,
				411468EF24E59C0100C15B98 /* Frameworks */,
				411468F024E59C0100C15B98 /* Resources */,
			);
			buildRules = (
			);
			dependencies = (
				411468F424E59C0100C15B98 /* PBXTargetDependency */,
			);
			name = Aleksei_Varaksin_Online_ShopTests;
			productName = Aleksei_Varaksin_Online_ShopTests;
			productReference = 411468F224E59C0100C15B98 /* Aleksei_Varaksin_Online_ShopTests.xctest */;
			productType = "com.apple.product-type.bundle.unit-test";
		};
		411468FC24E59C0100C15B98 /* Aleksei_Varaksin_Online_ShopUITests */ = {
			isa = PBXNativeTarget;
			buildConfigurationList = 4114690C24E59C0100C15B98 /* Build configuration list for PBXNativeTarget "Aleksei_Varaksin_Online_ShopUITests" */;
			buildPhases = (
				F1017EFDA20E319D166DFA72 /* [CP] Check Pods Manifest.lock */,
				411468F924E59C0100C15B98 /* Sources */,
				411468FA24E59C0100C15B98 /* Frameworks */,
				411468FB24E59C0100C15B98 /* Resources */,
				5185E1D0FFA0605FAD65A501 /* [CP] Embed Pods Frameworks */,
			);
			buildRules = (
			);
			dependencies = (
				411468FF24E59C0100C15B98 /* PBXTargetDependency */,
			);
			name = Aleksei_Varaksin_Online_ShopUITests;
			productName = Aleksei_Varaksin_Online_ShopUITests;
			productReference = 411468FD24E59C0100C15B98 /* Aleksei_Varaksin_Online_ShopUITests.xctest */;
			productType = "com.apple.product-type.bundle.ui-testing";
		};
/* End PBXNativeTarget section */

/* Begin PBXProject section */
		411468D424E59C0000C15B98 /* Project object */ = {
			isa = PBXProject;
			attributes = {
				LastSwiftUpdateCheck = 1160;
				LastUpgradeCheck = 1160;
				ORGANIZATIONNAME = "Aleksei Niskarav";
				TargetAttributes = {
					411468DB24E59C0000C15B98 = {
						CreatedOnToolsVersion = 11.6;
					};
					411468F124E59C0100C15B98 = {
						CreatedOnToolsVersion = 11.6;
						TestTargetID = 411468DB24E59C0000C15B98;
					};
					411468FC24E59C0100C15B98 = {
						CreatedOnToolsVersion = 11.6;
						TestTargetID = 411468DB24E59C0000C15B98;
					};
				};
			};
			buildConfigurationList = 411468D724E59C0000C15B98 /* Build configuration list for PBXProject "Aleksei_Varaksin_Online_Shop" */;
			compatibilityVersion = "Xcode 9.3";
			developmentRegion = en;
			hasScannedForEncodings = 0;
			knownRegions = (
				en,
				Base,
			);
			mainGroup = 411468D324E59C0000C15B98;
			productRefGroup = 411468DD24E59C0000C15B98 /* Products */;
			projectDirPath = "";
			projectRoot = "";
			targets = (
				411468DB24E59C0000C15B98 /* Aleksei_Varaksin_Online_Shop */,
				411468F124E59C0100C15B98 /* Aleksei_Varaksin_Online_ShopTests */,
				411468FC24E59C0100C15B98 /* Aleksei_Varaksin_Online_ShopUITests */,
			);
		};
/* End PBXProject section */

/* Begin PBXResourcesBuildPhase section */
		411468DA24E59C0000C15B98 /* Resources */ = {
			isa = PBXResourcesBuildPhase;
			buildActionMask = 2147483647;
			files = (
				411468EC24E59C0100C15B98 /* LaunchScreen.storyboard in Resources */,
				411468E924E59C0100C15B98 /* Assets.xcassets in Resources */,
				411468E724E59C0000C15B98 /* Main.storyboard in Resources */,
			);
			runOnlyForDeploymentPostprocessing = 0;
		};
		411468F024E59C0100C15B98 /* Resources */ = {
			isa = PBXResourcesBuildPhase;
			buildActionMask = 2147483647;
			files = (
			);
			runOnlyForDeploymentPostprocessing = 0;
		};
		411468FB24E59C0100C15B98 /* Resources */ = {
			isa = PBXResourcesBuildPhase;
			buildActionMask = 2147483647;
			files = (
			);
			runOnlyForDeploymentPostprocessing = 0;
		};
/* End PBXResourcesBuildPhase section */

/* Begin PBXShellScriptBuildPhase section */
		4114690F24E59D4300C15B98 /* ShellScript */ = {
			isa = PBXShellScriptBuildPhase;
			buildActionMask = 2147483647;
			files = (
			);
			inputFileListPaths = (
			);
			inputPaths = (
			);
			outputFileListPaths = (
			);
			outputPaths = (
			);
			runOnlyForDeploymentPostprocessing = 0;
			shellPath = /bin/sh;
			shellScript = "if which \"${PODS_ROOT}/SwiftLint/swiftlint\" >/dev/null; then\n  \"${PODS_ROOT}/SwiftLint/swiftlint\"\nelse\n  echo \"warning: SwiftLint not installed, download from https://github.com/realm/SwiftLint\"\nfi\n";
		};
		44F3BED6AD9C0AB504B73220 /* [CP] Embed Pods Frameworks */ = {
			isa = PBXShellScriptBuildPhase;
			buildActionMask = 2147483647;
			files = (
			);
			inputFileListPaths = (
				"${PODS_ROOT}/Target Support Files/Pods-Aleksei_Varaksin_Online_Shop/Pods-Aleksei_Varaksin_Online_Shop-frameworks-${CONFIGURATION}-input-files.xcfilelist",
			);
			name = "[CP] Embed Pods Frameworks";
			outputFileListPaths = (
				"${PODS_ROOT}/Target Support Files/Pods-Aleksei_Varaksin_Online_Shop/Pods-Aleksei_Varaksin_Online_Shop-frameworks-${CONFIGURATION}-output-files.xcfilelist",
			);
			runOnlyForDeploymentPostprocessing = 0;
			shellPath = /bin/sh;
			shellScript = "\"${PODS_ROOT}/Target Support Files/Pods-Aleksei_Varaksin_Online_Shop/Pods-Aleksei_Varaksin_Online_Shop-frameworks.sh\"\n";
			showEnvVarsInLog = 0;
		};
		5185E1D0FFA0605FAD65A501 /* [CP] Embed Pods Frameworks */ = {
			isa = PBXShellScriptBuildPhase;
			buildActionMask = 2147483647;
			files = (
			);
			inputFileListPaths = (
				"${PODS_ROOT}/Target Support Files/Pods-Aleksei_Varaksin_Online_Shop-Aleksei_Varaksin_Online_ShopUITests/Pods-Aleksei_Varaksin_Online_Shop-Aleksei_Varaksin_Online_ShopUITests-frameworks-${CONFIGURATION}-input-files.xcfilelist",
			);
			name = "[CP] Embed Pods Frameworks";
			outputFileListPaths = (
				"${PODS_ROOT}/Target Support Files/Pods-Aleksei_Varaksin_Online_Shop-Aleksei_Varaksin_Online_ShopUITests/Pods-Aleksei_Varaksin_Online_Shop-Aleksei_Varaksin_Online_ShopUITests-frameworks-${CONFIGURATION}-output-files.xcfilelist",
			);
			runOnlyForDeploymentPostprocessing = 0;
			shellPath = /bin/sh;
			shellScript = "\"${PODS_ROOT}/Target Support Files/Pods-Aleksei_Varaksin_Online_Shop-Aleksei_Varaksin_Online_ShopUITests/Pods-Aleksei_Varaksin_Online_Shop-Aleksei_Varaksin_Online_ShopUITests-frameworks.sh\"\n";
			showEnvVarsInLog = 0;
		};
		85E879F87B78A64816A3C436 /* [CP] Check Pods Manifest.lock */ = {
			isa = PBXShellScriptBuildPhase;
			buildActionMask = 2147483647;
			files = (
			);
			inputFileListPaths = (
			);
			inputPaths = (
				"${PODS_PODFILE_DIR_PATH}/Podfile.lock",
				"${PODS_ROOT}/Manifest.lock",
			);
			name = "[CP] Check Pods Manifest.lock";
			outputFileListPaths = (
			);
			outputPaths = (
				"$(DERIVED_FILE_DIR)/Pods-Aleksei_Varaksin_Online_ShopTests-checkManifestLockResult.txt",
			);
			runOnlyForDeploymentPostprocessing = 0;
			shellPath = /bin/sh;
			shellScript = "diff \"${PODS_PODFILE_DIR_PATH}/Podfile.lock\" \"${PODS_ROOT}/Manifest.lock\" > /dev/null\nif [ $? != 0 ] ; then\n    # print error to STDERR\n    echo \"error: The sandbox is not in sync with the Podfile.lock. Run 'pod install' or update your CocoaPods installation.\" >&2\n    exit 1\nfi\n# This output is used by Xcode 'outputs' to avoid re-running this script phase.\necho \"SUCCESS\" > \"${SCRIPT_OUTPUT_FILE_0}\"\n";
			showEnvVarsInLog = 0;
		};
		9503C4C4B68840123C9DFD71 /* [CP] Check Pods Manifest.lock */ = {
			isa = PBXShellScriptBuildPhase;
			buildActionMask = 2147483647;
			files = (
			);
			inputFileListPaths = (
			);
			inputPaths = (
				"${PODS_PODFILE_DIR_PATH}/Podfile.lock",
				"${PODS_ROOT}/Manifest.lock",
			);
			name = "[CP] Check Pods Manifest.lock";
			outputFileListPaths = (
			);
			outputPaths = (
				"$(DERIVED_FILE_DIR)/Pods-Aleksei_Varaksin_Online_Shop-checkManifestLockResult.txt",
			);
			runOnlyForDeploymentPostprocessing = 0;
			shellPath = /bin/sh;
			shellScript = "diff \"${PODS_PODFILE_DIR_PATH}/Podfile.lock\" \"${PODS_ROOT}/Manifest.lock\" > /dev/null\nif [ $? != 0 ] ; then\n    # print error to STDERR\n    echo \"error: The sandbox is not in sync with the Podfile.lock. Run 'pod install' or update your CocoaPods installation.\" >&2\n    exit 1\nfi\n# This output is used by Xcode 'outputs' to avoid re-running this script phase.\necho \"SUCCESS\" > \"${SCRIPT_OUTPUT_FILE_0}\"\n";
			showEnvVarsInLog = 0;
		};
		F1017EFDA20E319D166DFA72 /* [CP] Check Pods Manifest.lock */ = {
			isa = PBXShellScriptBuildPhase;
			buildActionMask = 2147483647;
			files = (
			);
			inputFileListPaths = (
			);
			inputPaths = (
				"${PODS_PODFILE_DIR_PATH}/Podfile.lock",
				"${PODS_ROOT}/Manifest.lock",
			);
			name = "[CP] Check Pods Manifest.lock";
			outputFileListPaths = (
			);
			outputPaths = (
				"$(DERIVED_FILE_DIR)/Pods-Aleksei_Varaksin_Online_Shop-Aleksei_Varaksin_Online_ShopUITests-checkManifestLockResult.txt",
			);
			runOnlyForDeploymentPostprocessing = 0;
			shellPath = /bin/sh;
			shellScript = "diff \"${PODS_PODFILE_DIR_PATH}/Podfile.lock\" \"${PODS_ROOT}/Manifest.lock\" > /dev/null\nif [ $? != 0 ] ; then\n    # print error to STDERR\n    echo \"error: The sandbox is not in sync with the Podfile.lock. Run 'pod install' or update your CocoaPods installation.\" >&2\n    exit 1\nfi\n# This output is used by Xcode 'outputs' to avoid re-running this script phase.\necho \"SUCCESS\" > \"${SCRIPT_OUTPUT_FILE_0}\"\n";
			showEnvVarsInLog = 0;
		};
/* End PBXShellScriptBuildPhase section */

/* Begin PBXSourcesBuildPhase section */
		411468D824E59C0000C15B98 /* Sources */ = {
			isa = PBXSourcesBuildPhase;
			buildActionMask = 2147483647;
			files = (
				411468E424E59C0000C15B98 /* ViewController.swift in Sources */,
				4114691E24E5B25800C15B98 /* RequestRouter.swift in Sources */,
				416ACD2924E7F9F20023A73D /* AddReviewResponse.swift in Sources */,
				411468E024E59C0000C15B98 /* AppDelegate.swift in Sources */,
				416ACD2D24E7FA080023A73D /* RemoveReviewResponse.swift in Sources */,
				416ACD2124E7F96C0023A73D /* RegisterResponse.swift in Sources */,
				416ACD0F24E7F3600023A73D /* Logout.swift in Sources */,
				416ACD1824E7F5120023A73D /* ApproveReview.swift in Sources */,
				411468E224E59C0000C15B98 /* SceneDelegate.swift in Sources */,
				416ACD2B24E7F9FD0023A73D /* ApproveReviewResponse.swift in Sources */,
				416ACD3024E7FC2B0023A73D /* User.swift in Sources */,
				416ACD1524E7F48E0023A73D /* AddReview.swift in Sources */,
				416ACD2324E7F97A0023A73D /* LogoutResponse.swift in Sources */,
				416ACD2724E7F9930023A73D /* ChangeUserProfileResponse.swift in Sources */,
				4114692224E5B33C00C15B98 /* NetworkServiceFactory.swift in Sources */,
				4114692024E5B2A400C15B98 /* NetworkService.swift in Sources */,
				416ACD0C24E7F2FC0023A73D /* Login.swift in Sources */,
				416ACD0924E7F2750023A73D /* Register.swift in Sources */,
				4114691C24E5B1FC00C15B98 /* ErrorParser.swift in Sources */,
				416ACD1224E7F3A80023A73D /* ChangeUserProfile.swift in Sources */,
				416ACD3224E7FC590023A73D /* UserProfileData.swift in Sources */,
				416ACD2524E7F9870023A73D /* LoginResponse.swift in Sources */,
				416ACD1B24E7F5820023A73D /* RemoveReview.swift in Sources */,
			);
			runOnlyForDeploymentPostprocessing = 0;
		};
		411468EE24E59C0100C15B98 /* Sources */ = {
			isa = PBXSourcesBuildPhase;
			buildActionMask = 2147483647;
			files = (
				411468F724E59C0100C15B98 /* Aleksei_Varaksin_Online_ShopTests.swift in Sources */,
			);
			runOnlyForDeploymentPostprocessing = 0;
		};
		411468F924E59C0100C15B98 /* Sources */ = {
			isa = PBXSourcesBuildPhase;
			buildActionMask = 2147483647;
			files = (
				4114690224E59C0100C15B98 /* Aleksei_Varaksin_Online_ShopUITests.swift in Sources */,
			);
			runOnlyForDeploymentPostprocessing = 0;
		};
/* End PBXSourcesBuildPhase section */

/* Begin PBXTargetDependency section */
		411468F424E59C0100C15B98 /* PBXTargetDependency */ = {
			isa = PBXTargetDependency;
			target = 411468DB24E59C0000C15B98 /* Aleksei_Varaksin_Online_Shop */;
			targetProxy = 411468F324E59C0100C15B98 /* PBXContainerItemProxy */;
		};
		411468FF24E59C0100C15B98 /* PBXTargetDependency */ = {
			isa = PBXTargetDependency;
			target = 411468DB24E59C0000C15B98 /* Aleksei_Varaksin_Online_Shop */;
			targetProxy = 411468FE24E59C0100C15B98 /* PBXContainerItemProxy */;
		};
/* End PBXTargetDependency section */

/* Begin PBXVariantGroup section */
		411468E524E59C0000C15B98 /* Main.storyboard */ = {
			isa = PBXVariantGroup;
			children = (
				411468E624E59C0000C15B98 /* Base */,
			);
			name = Main.storyboard;
			sourceTree = "<group>";
		};
		411468EA24E59C0100C15B98 /* LaunchScreen.storyboard */ = {
			isa = PBXVariantGroup;
			children = (
				411468EB24E59C0100C15B98 /* Base */,
			);
			name = LaunchScreen.storyboard;
			sourceTree = "<group>";
		};
/* End PBXVariantGroup section */

/* Begin XCBuildConfiguration section */
		4114690424E59C0100C15B98 /* Debug */ = {
			isa = XCBuildConfiguration;
			buildSettings = {
				ALWAYS_SEARCH_USER_PATHS = NO;
				CLANG_ANALYZER_NONNULL = YES;
				CLANG_ANALYZER_NUMBER_OBJECT_CONVERSION = YES_AGGRESSIVE;
				CLANG_CXX_LANGUAGE_STANDARD = "gnu++14";
				CLANG_CXX_LIBRARY = "libc++";
				CLANG_ENABLE_MODULES = YES;
				CLANG_ENABLE_OBJC_ARC = YES;
				CLANG_ENABLE_OBJC_WEAK = YES;
				CLANG_WARN_BLOCK_CAPTURE_AUTORELEASING = YES;
				CLANG_WARN_BOOL_CONVERSION = YES;
				CLANG_WARN_COMMA = YES;
				CLANG_WARN_CONSTANT_CONVERSION = YES;
				CLANG_WARN_DEPRECATED_OBJC_IMPLEMENTATIONS = YES;
				CLANG_WARN_DIRECT_OBJC_ISA_USAGE = YES_ERROR;
				CLANG_WARN_DOCUMENTATION_COMMENTS = YES;
				CLANG_WARN_EMPTY_BODY = YES;
				CLANG_WARN_ENUM_CONVERSION = YES;
				CLANG_WARN_INFINITE_RECURSION = YES;
				CLANG_WARN_INT_CONVERSION = YES;
				CLANG_WARN_NON_LITERAL_NULL_CONVERSION = YES;
				CLANG_WARN_OBJC_IMPLICIT_RETAIN_SELF = YES;
				CLANG_WARN_OBJC_LITERAL_CONVERSION = YES;
				CLANG_WARN_OBJC_ROOT_CLASS = YES_ERROR;
				CLANG_WARN_RANGE_LOOP_ANALYSIS = YES;
				CLANG_WARN_STRICT_PROTOTYPES = YES;
				CLANG_WARN_SUSPICIOUS_MOVE = YES;
				CLANG_WARN_UNGUARDED_AVAILABILITY = YES_AGGRESSIVE;
				CLANG_WARN_UNREACHABLE_CODE = YES;
				CLANG_WARN__DUPLICATE_METHOD_MATCH = YES;
				COPY_PHASE_STRIP = NO;
				DEBUG_INFORMATION_FORMAT = dwarf;
				ENABLE_STRICT_OBJC_MSGSEND = YES;
				ENABLE_TESTABILITY = YES;
				GCC_C_LANGUAGE_STANDARD = gnu11;
				GCC_DYNAMIC_NO_PIC = NO;
				GCC_NO_COMMON_BLOCKS = YES;
				GCC_OPTIMIZATION_LEVEL = 0;
				GCC_PREPROCESSOR_DEFINITIONS = (
					"DEBUG=1",
					"$(inherited)",
				);
				GCC_WARN_64_TO_32_BIT_CONVERSION = YES;
				GCC_WARN_ABOUT_RETURN_TYPE = YES_ERROR;
				GCC_WARN_UNDECLARED_SELECTOR = YES;
				GCC_WARN_UNINITIALIZED_AUTOS = YES_AGGRESSIVE;
				GCC_WARN_UNUSED_FUNCTION = YES;
				GCC_WARN_UNUSED_VARIABLE = YES;
				IPHONEOS_DEPLOYMENT_TARGET = 13.6;
				MTL_ENABLE_DEBUG_INFO = INCLUDE_SOURCE;
				MTL_FAST_MATH = YES;
				ONLY_ACTIVE_ARCH = YES;
				SDKROOT = iphoneos;
				SWIFT_ACTIVE_COMPILATION_CONDITIONS = DEBUG;
				SWIFT_OPTIMIZATION_LEVEL = "-Onone";
			};
			name = Debug;
		};
		4114690524E59C0100C15B98 /* Release */ = {
			isa = XCBuildConfiguration;
			buildSettings = {
				ALWAYS_SEARCH_USER_PATHS = NO;
				CLANG_ANALYZER_NONNULL = YES;
				CLANG_ANALYZER_NUMBER_OBJECT_CONVERSION = YES_AGGRESSIVE;
				CLANG_CXX_LANGUAGE_STANDARD = "gnu++14";
				CLANG_CXX_LIBRARY = "libc++";
				CLANG_ENABLE_MODULES = YES;
				CLANG_ENABLE_OBJC_ARC = YES;
				CLANG_ENABLE_OBJC_WEAK = YES;
				CLANG_WARN_BLOCK_CAPTURE_AUTORELEASING = YES;
				CLANG_WARN_BOOL_CONVERSION = YES;
				CLANG_WARN_COMMA = YES;
				CLANG_WARN_CONSTANT_CONVERSION = YES;
				CLANG_WARN_DEPRECATED_OBJC_IMPLEMENTATIONS = YES;
				CLANG_WARN_DIRECT_OBJC_ISA_USAGE = YES_ERROR;
				CLANG_WARN_DOCUMENTATION_COMMENTS = YES;
				CLANG_WARN_EMPTY_BODY = YES;
				CLANG_WARN_ENUM_CONVERSION = YES;
				CLANG_WARN_INFINITE_RECURSION = YES;
				CLANG_WARN_INT_CONVERSION = YES;
				CLANG_WARN_NON_LITERAL_NULL_CONVERSION = YES;
				CLANG_WARN_OBJC_IMPLICIT_RETAIN_SELF = YES;
				CLANG_WARN_OBJC_LITERAL_CONVERSION = YES;
				CLANG_WARN_OBJC_ROOT_CLASS = YES_ERROR;
				CLANG_WARN_RANGE_LOOP_ANALYSIS = YES;
				CLANG_WARN_STRICT_PROTOTYPES = YES;
				CLANG_WARN_SUSPICIOUS_MOVE = YES;
				CLANG_WARN_UNGUARDED_AVAILABILITY = YES_AGGRESSIVE;
				CLANG_WARN_UNREACHABLE_CODE = YES;
				CLANG_WARN__DUPLICATE_METHOD_MATCH = YES;
				COPY_PHASE_STRIP = NO;
				DEBUG_INFORMATION_FORMAT = "dwarf-with-dsym";
				ENABLE_NS_ASSERTIONS = NO;
				ENABLE_STRICT_OBJC_MSGSEND = YES;
				GCC_C_LANGUAGE_STANDARD = gnu11;
				GCC_NO_COMMON_BLOCKS = YES;
				GCC_WARN_64_TO_32_BIT_CONVERSION = YES;
				GCC_WARN_ABOUT_RETURN_TYPE = YES_ERROR;
				GCC_WARN_UNDECLARED_SELECTOR = YES;
				GCC_WARN_UNINITIALIZED_AUTOS = YES_AGGRESSIVE;
				GCC_WARN_UNUSED_FUNCTION = YES;
				GCC_WARN_UNUSED_VARIABLE = YES;
				IPHONEOS_DEPLOYMENT_TARGET = 13.6;
				MTL_ENABLE_DEBUG_INFO = NO;
				MTL_FAST_MATH = YES;
				SDKROOT = iphoneos;
				SWIFT_COMPILATION_MODE = wholemodule;
				SWIFT_OPTIMIZATION_LEVEL = "-O";
				VALIDATE_PRODUCT = YES;
			};
			name = Release;
		};
		4114690724E59C0100C15B98 /* Debug */ = {
			isa = XCBuildConfiguration;
			baseConfigurationReference = 6FEC232F82B8C37F252DB41A /* Pods-Aleksei_Varaksin_Online_Shop.debug.xcconfig */;
			buildSettings = {
				ASSETCATALOG_COMPILER_APPICON_NAME = AppIcon;
				CODE_SIGN_STYLE = Automatic;
				INFOPLIST_FILE = Aleksei_Varaksin_Online_Shop/Environments/Info.plist;
				LD_RUNPATH_SEARCH_PATHS = (
					"$(inherited)",
					"@executable_path/Frameworks",
				);
				PRODUCT_BUNDLE_IDENTIFIER = "nisk.Aleksei-Varaksin-Online-Shop";
				PRODUCT_NAME = "$(TARGET_NAME)";
				SWIFT_VERSION = 5.0;
				TARGETED_DEVICE_FAMILY = "1,2";
			};
			name = Debug;
		};
		4114690824E59C0100C15B98 /* Release */ = {
			isa = XCBuildConfiguration;
			baseConfigurationReference = 4B9C968BBF7D0EB07A1B0A71 /* Pods-Aleksei_Varaksin_Online_Shop.release.xcconfig */;
			buildSettings = {
				ASSETCATALOG_COMPILER_APPICON_NAME = AppIcon;
				CODE_SIGN_STYLE = Automatic;
				INFOPLIST_FILE = Aleksei_Varaksin_Online_Shop/Environments/Info.plist;
				LD_RUNPATH_SEARCH_PATHS = (
					"$(inherited)",
					"@executable_path/Frameworks",
				);
				PRODUCT_BUNDLE_IDENTIFIER = "nisk.Aleksei-Varaksin-Online-Shop";
				PRODUCT_NAME = "$(TARGET_NAME)";
				SWIFT_VERSION = 5.0;
				TARGETED_DEVICE_FAMILY = "1,2";
			};
			name = Release;
		};
		4114690A24E59C0100C15B98 /* Debug */ = {
			isa = XCBuildConfiguration;
			baseConfigurationReference = D111DEC79F9A22A7BC41D83C /* Pods-Aleksei_Varaksin_Online_ShopTests.debug.xcconfig */;
			buildSettings = {
				ALWAYS_EMBED_SWIFT_STANDARD_LIBRARIES = YES;
				BUNDLE_LOADER = "$(TEST_HOST)";
				CODE_SIGN_STYLE = Automatic;
				INFOPLIST_FILE = Aleksei_Varaksin_Online_ShopTests/Info.plist;
				IPHONEOS_DEPLOYMENT_TARGET = 13.6;
				LD_RUNPATH_SEARCH_PATHS = (
					"$(inherited)",
					"@executable_path/Frameworks",
					"@loader_path/Frameworks",
				);
				PRODUCT_BUNDLE_IDENTIFIER = "nisk.Aleksei-Varaksin-Online-ShopTests";
				PRODUCT_NAME = "$(TARGET_NAME)";
				SWIFT_VERSION = 5.0;
				TARGETED_DEVICE_FAMILY = "1,2";
				TEST_HOST = "$(BUILT_PRODUCTS_DIR)/Aleksei_Varaksin_Online_Shop.app/Aleksei_Varaksin_Online_Shop";
			};
			name = Debug;
		};
		4114690B24E59C0100C15B98 /* Release */ = {
			isa = XCBuildConfiguration;
			baseConfigurationReference = 7FD9C4EB755629BC2BF6DC6A /* Pods-Aleksei_Varaksin_Online_ShopTests.release.xcconfig */;
			buildSettings = {
				ALWAYS_EMBED_SWIFT_STANDARD_LIBRARIES = YES;
				BUNDLE_LOADER = "$(TEST_HOST)";
				CODE_SIGN_STYLE = Automatic;
				INFOPLIST_FILE = Aleksei_Varaksin_Online_ShopTests/Info.plist;
				IPHONEOS_DEPLOYMENT_TARGET = 13.6;
				LD_RUNPATH_SEARCH_PATHS = (
					"$(inherited)",
					"@executable_path/Frameworks",
					"@loader_path/Frameworks",
				);
				PRODUCT_BUNDLE_IDENTIFIER = "nisk.Aleksei-Varaksin-Online-ShopTests";
				PRODUCT_NAME = "$(TARGET_NAME)";
				SWIFT_VERSION = 5.0;
				TARGETED_DEVICE_FAMILY = "1,2";
				TEST_HOST = "$(BUILT_PRODUCTS_DIR)/Aleksei_Varaksin_Online_Shop.app/Aleksei_Varaksin_Online_Shop";
			};
			name = Release;
		};
		4114690D24E59C0100C15B98 /* Debug */ = {
			isa = XCBuildConfiguration;
			baseConfigurationReference = EB0827E0182B0F38FC185565 /* Pods-Aleksei_Varaksin_Online_Shop-Aleksei_Varaksin_Online_ShopUITests.debug.xcconfig */;
			buildSettings = {
				ALWAYS_EMBED_SWIFT_STANDARD_LIBRARIES = YES;
				CODE_SIGN_STYLE = Automatic;
				INFOPLIST_FILE = Aleksei_Varaksin_Online_ShopUITests/Info.plist;
				LD_RUNPATH_SEARCH_PATHS = (
					"$(inherited)",
					"@executable_path/Frameworks",
					"@loader_path/Frameworks",
				);
				PRODUCT_BUNDLE_IDENTIFIER = "nisk.Aleksei-Varaksin-Online-ShopUITests";
				PRODUCT_NAME = "$(TARGET_NAME)";
				SWIFT_VERSION = 5.0;
				TARGETED_DEVICE_FAMILY = "1,2";
				TEST_TARGET_NAME = Aleksei_Varaksin_Online_Shop;
			};
			name = Debug;
		};
		4114690E24E59C0100C15B98 /* Release */ = {
			isa = XCBuildConfiguration;
			baseConfigurationReference = A6E3F256819215D8B0C39CE1 /* Pods-Aleksei_Varaksin_Online_Shop-Aleksei_Varaksin_Online_ShopUITests.release.xcconfig */;
			buildSettings = {
				ALWAYS_EMBED_SWIFT_STANDARD_LIBRARIES = YES;
				CODE_SIGN_STYLE = Automatic;
				INFOPLIST_FILE = Aleksei_Varaksin_Online_ShopUITests/Info.plist;
				LD_RUNPATH_SEARCH_PATHS = (
					"$(inherited)",
					"@executable_path/Frameworks",
					"@loader_path/Frameworks",
				);
				PRODUCT_BUNDLE_IDENTIFIER = "nisk.Aleksei-Varaksin-Online-ShopUITests";
				PRODUCT_NAME = "$(TARGET_NAME)";
				SWIFT_VERSION = 5.0;
				TARGETED_DEVICE_FAMILY = "1,2";
				TEST_TARGET_NAME = Aleksei_Varaksin_Online_Shop;
			};
			name = Release;
		};
/* End XCBuildConfiguration section */

/* Begin XCConfigurationList section */
		411468D724E59C0000C15B98 /* Build configuration list for PBXProject "Aleksei_Varaksin_Online_Shop" */ = {
			isa = XCConfigurationList;
			buildConfigurations = (
				4114690424E59C0100C15B98 /* Debug */,
				4114690524E59C0100C15B98 /* Release */,
			);
			defaultConfigurationIsVisible = 0;
			defaultConfigurationName = Release;
		};
		4114690624E59C0100C15B98 /* Build configuration list for PBXNativeTarget "Aleksei_Varaksin_Online_Shop" */ = {
			isa = XCConfigurationList;
			buildConfigurations = (
				4114690724E59C0100C15B98 /* Debug */,
				4114690824E59C0100C15B98 /* Release */,
			);
			defaultConfigurationIsVisible = 0;
			defaultConfigurationName = Release;
		};
		4114690924E59C0100C15B98 /* Build configuration list for PBXNativeTarget "Aleksei_Varaksin_Online_ShopTests" */ = {
			isa = XCConfigurationList;
			buildConfigurations = (
				4114690A24E59C0100C15B98 /* Debug */,
				4114690B24E59C0100C15B98 /* Release */,
			);
			defaultConfigurationIsVisible = 0;
			defaultConfigurationName = Release;
		};
		4114690C24E59C0100C15B98 /* Build configuration list for PBXNativeTarget "Aleksei_Varaksin_Online_ShopUITests" */ = {
			isa = XCConfigurationList;
			buildConfigurations = (
				4114690D24E59C0100C15B98 /* Debug */,
				4114690E24E59C0100C15B98 /* Release */,
			);
			defaultConfigurationIsVisible = 0;
			defaultConfigurationName = Release;
		};
/* End XCConfigurationList section */
	};
	rootObject = 411468D424E59C0000C15B98 /* Project object */;
}
